
Microsoft Visual Studio Solution File, Format Version 12.00
# Visual Studio 15
VisualStudioVersion = 15.0.28307.902
MinimumVisualStudioVersion = 10.0.40219.1
Project("{8BC9CEB8-8B4A-11D0-8D11-00A0C91BC942}") = "Orrery", "Orrery\Orrery.vcxproj", "{68A42BD1-D0AC-40FA-BED8-0AF132B231BD}"
EndProject
Global
	GlobalSection(SolutionConfigurationPlatforms) = preSolution
		Debug|VisualGDB = Debug|VisualGDB
		Release|VisualGDB = Release|VisualGDB
	EndGlobalSection
	GlobalSection(ProjectConfigurationPlatforms) = postSolution
		{68A42BD1-D0AC-40FA-BED8-0AF132B231BD}.Debug|VisualGDB.ActiveCfg = Debug|VisualGDB
		{68A42BD1-D0AC-40FA-BED8-0AF132B231BD}.Debug|VisualGDB.Build.0 = Debug|VisualGDB
		{68A42BD1-D0AC-40FA-BED8-0AF132B231BD}.Release|VisualGDB.ActiveCfg = Release|VisualGDB
		{68A42BD1-D0AC-40FA-BED8-0AF132B231BD}.Release|VisualGDB.Build.0 = Release|VisualGDB
	EndGlobalSection
	GlobalSection(SolutionProperties) = preSolution
		HideSolutionNode = FALSE
	EndGlobalSection
	GlobalSection(ExtensibilityGlobals) = postSolution
		SolutionGuid = {C152CBD3-7562-406D-8625-37EDF3057892}
	EndGlobalSection
EndGlobal
